{
  "name": "HR_Repo",
  "lockfileVersion": 3,
  "requires": true,
  "packages": {
    "": {
      "dependencies": {
        "@fontsource/quicksand": "^5.2.8"
      }
    },
    "node_modules/@fontsource/quicksand": {
      "version": "5.2.8",
      "resolved": "https://registry.npmjs.org/@fontsource/quicksand/-/quicksand-5.2.8.tgz",
      "integrity": "sha512-YRgnt2eQfNrk5OWqYJZmFoi6B6sioRIbjKJj3/l5CnezeE0TzD8XL35Q4fRNfHLpOzLi/ckNvTZySBHVVP1G6w==",
      "license": "OFL-1.1",
      "funding": {
        "url": "https://github.com/sponsors/ayuhito"
      }
    }
  }
}
